
Microsoft Visual Studio Solution File, Format Version 12.00
# Visual Studio 15
VisualStudioVersion = 15.0.28307.1259
MinimumVisualStudioVersion = 10.0.40219.1
Project("{159641D6-6404-4A2A-AE62-294DE0FE8301}") = "Esquelas_ETL", "Esquelas_ETL\Esquelas_ETL.dtproj", "{93826533-EAE7-45AD-8AF9-D5A9462F6D4F}"
EndProject
Global
	GlobalSection(SolutionConfigurationPlatforms) = preSolution
		Development|Default = Development|Default
	EndGlobalSection
	GlobalSection(ProjectConfigurationPlatforms) = postSolution
		{93826533-EAE7-45AD-8AF9-D5A9462F6D4F}.Development|Default.ActiveCfg = Development
		{93826533-EAE7-45AD-8AF9-D5A9462F6D4F}.Development|Default.Build.0 = Development
	EndGlobalSection
	GlobalSection(SolutionProperties) = preSolution
		HideSolutionNode = FALSE
	EndGlobalSection
	GlobalSection(ExtensibilityGlobals) = postSolution
		SolutionGuid = {33618479-E909-4FDF-A521-9EA80222F068}
	EndGlobalSection
EndGlobal
